
Microsoft Visual Studio Solution File, Format Version 12.00
# Visual Studio Version 17
VisualStudioVersion = 17.11.35312.102
MinimumVisualStudioVersion = 10.0.40219.1
Project("{9A19103F-16F7-4668-BE54-9A1E7A4F7556}") = "razor_demo", "razor_demo.csproj", "{86C435C0-7F81-4C70-AD7D-7DE57526C65D}"
EndProject
Global
	GlobalSection(SolutionConfigurationPlatforms) = preSolution
		Debug|Any CPU = Debug|Any CPU
		Release|Any CPU = Release|Any CPU
	EndGlobalSection
	GlobalSection(ProjectConfigurationPlatforms) = postSolution
		{86C435C0-7F81-4C70-AD7D-7DE57526C65D}.Debug|Any CPU.ActiveCfg = Debug|Any CPU
		{86C435C0-7F81-4C70-AD7D-7DE57526C65D}.Debug|Any CPU.Build.0 = Debug|Any CPU
		{86C435C0-7F81-4C70-AD7D-7DE57526C65D}.Release|Any CPU.ActiveCfg = Release|Any CPU
		{86C435C0-7F81-4C70-AD7D-7DE57526C65D}.Release|Any CPU.Build.0 = Release|Any CPU
	EndGlobalSection
	GlobalSection(SolutionProperties) = preSolution
		HideSolutionNode = FALSE
	EndGlobalSection
	GlobalSection(ExtensibilityGlobals) = postSolution
		SolutionGuid = {91B74002-3639-4E7F-AC1E-D459BC1FA69D}
	EndGlobalSection
EndGlobal
